
Microsoft Visual Studio Solution File, Format Version 12.00
# Visual Studio Version 17
VisualStudioVersion = 17.4.33205.214
MinimumVisualStudioVersion = 10.0.40219.1
Project("{FAE04EC0-301F-11D3-BF4B-00C04F79EFBC}") = "Linq Method practise", "Linq Method practise\Linq Method practise.csproj", "{104191E8-AACE-4025-BFDD-52C86D8194AB}"
EndProject
Global
	GlobalSection(SolutionConfigurationPlatforms) = preSolution
		Debug|Any CPU = Debug|Any CPU
		Release|Any CPU = Release|Any CPU
	EndGlobalSection
	GlobalSection(ProjectConfigurationPlatforms) = postSolution
		{104191E8-AACE-4025-BFDD-52C86D8194AB}.Debug|Any CPU.ActiveCfg = Debug|Any CPU
		{104191E8-AACE-4025-BFDD-52C86D8194AB}.Debug|Any CPU.Build.0 = Debug|Any CPU
		{104191E8-AACE-4025-BFDD-52C86D8194AB}.Release|Any CPU.ActiveCfg = Release|Any CPU
		{104191E8-AACE-4025-BFDD-52C86D8194AB}.Release|Any CPU.Build.0 = Release|Any CPU
	EndGlobalSection
	GlobalSection(SolutionProperties) = preSolution
		HideSolutionNode = FALSE
	EndGlobalSection
	GlobalSection(ExtensibilityGlobals) = postSolution
		SolutionGuid = {15137967-C7C8-4241-9BD6-9CFD514031A3}
	EndGlobalSection
EndGlobal
